
Microsoft Visual Studio Solution File, Format Version 12.00
# Visual Studio 2017
Project("{FAE04EC0-301F-11D3-BF4B-00C04F79EFBC}") = "NlogElasticSearch", "NlogElasticSearch.csproj", "{6549D218-6B11-40EC-BDA6-248D91767EDF}"
EndProject
Global
	GlobalSection(SolutionConfigurationPlatforms) = preSolution
		Debug|Any CPU = Debug|Any CPU
		Release|Any CPU = Release|Any CPU
	EndGlobalSection
	GlobalSection(ProjectConfigurationPlatforms) = postSolution
		{6549D218-6B11-40EC-BDA6-248D91767EDF}.Debug|Any CPU.ActiveCfg = Debug|Any CPU
		{6549D218-6B11-40EC-BDA6-248D91767EDF}.Debug|Any CPU.Build.0 = Debug|Any CPU
		{6549D218-6B11-40EC-BDA6-248D91767EDF}.Release|Any CPU.ActiveCfg = Release|Any CPU
		{6549D218-6B11-40EC-BDA6-248D91767EDF}.Release|Any CPU.Build.0 = Release|Any CPU
	EndGlobalSection
EndGlobal
